// !$*UTF8*$!
{
	archiveVersion = 1;
	classes = {
	};
	objectVersion = 50;
	objects = {

/* Begin PBXBuildFile section */
		531FA744261F377500739BEE /* DetailView.swift in Sources */ = {isa = PBXBuildFile; fileRef = 531FA743261F377500739BEE /* DetailView.swift */; };
		531FA74F261F4AAD00739BEE /* ContentViewModel.swift in Sources */ = {isa = PBXBuildFile; fileRef = 531FA74E261F4AAD00739BEE /* ContentViewModel.swift */; };
		5326F888261CC9CB006FBB8A /* AppDelegate.swift in Sources */ = {isa = PBXBuildFile; fileRef = 5326F887261CC9CB006FBB8A /* AppDelegate.swift */; };
		5326F88A261CC9CB006FBB8A /* SceneDelegate.swift in Sources */ = {isa = PBXBuildFile; fileRef = 5326F889261CC9CB006FBB8A /* SceneDelegate.swift */; };
		5326F88C261CC9CB006FBB8A /* ContentView.swift in Sources */ = {isa = PBXBuildFile; fileRef = 5326F88B261CC9CB006FBB8A /* ContentView.swift */; };
		5326F88E261CC9CC006FBB8A /* Assets.xcassets in Resources */ = {isa = PBXBuildFile; fileRef = 5326F88D261CC9CC006FBB8A /* Assets.xcassets */; };
		5326F891261CC9CC006FBB8A /* Preview Assets.xcassets in Resources */ = {isa = PBXBuildFile; fileRef = 5326F890261CC9CC006FBB8A /* Preview Assets.xcassets */; };
		5326F89E261DB926006FBB8A /* Router.swift in Sources */ = {isa = PBXBuildFile; fileRef = 5326F89D261DB926006FBB8A /* Router.swift */; };
		53545AE82620A5AD00C81C21 /* DetailViewModel.swift in Sources */ = {isa = PBXBuildFile; fileRef = 53545AE72620A5AD00C81C21 /* DetailViewModel.swift */; };
		5361AF2F261F72ED00A31E0C /* RoutingDestinationProtocol.swift in Sources */ = {isa = PBXBuildFile; fileRef = 5361AF2E261F72ED00A31E0C /* RoutingDestinationProtocol.swift */; };
		5361AF32261F731500A31E0C /* RoutingViewProviderProtocol.swift in Sources */ = {isa = PBXBuildFile; fileRef = 5361AF31261F731500A31E0C /* RoutingViewProviderProtocol.swift */; };
		5361AF35261F737000A31E0C /* DetailDestination.swift in Sources */ = {isa = PBXBuildFile; fileRef = 5361AF34261F737000A31E0C /* DetailDestination.swift */; };
		5361AF39261F73DA00A31E0C /* View+AnyView.swift in Sources */ = {isa = PBXBuildFile; fileRef = 5361AF38261F73DA00A31E0C /* View+AnyView.swift */; };
		5361AF3D261F73FB00A31E0C /* RouterProtocol.swift in Sources */ = {isa = PBXBuildFile; fileRef = 5361AF3C261F73FB00A31E0C /* RouterProtocol.swift */; };
		5361AF44261F748600A31E0C /* DetailRouter.swift in Sources */ = {isa = PBXBuildFile; fileRef = 5361AF43261F748600A31E0C /* DetailRouter.swift */; };
/* End PBXBuildFile section */

/* Begin PBXFileReference section */
		531FA743261F377500739BEE /* DetailView.swift */ = {isa = PBXFileReference; lastKnownFileType = sourcecode.swift; path = DetailView.swift; sourceTree = "<group>"; };
		531FA74E261F4AAD00739BEE /* ContentViewModel.swift */ = {isa = PBXFileReference; lastKnownFileType = sourcecode.swift; path = ContentViewModel.swift; sourceTree = "<group>"; };
		5326F884261CC9CB006FBB8A /* DesignCodeRouter.app */ = {isa = PBXFileReference; explicitFileType = wrapper.application; includeInIndex = 0; path = DesignCodeRouter.app; sourceTree = BUILT_PRODUCTS_DIR; };
		5326F887261CC9CB006FBB8A /* AppDelegate.swift */ = {isa = PBXFileReference; lastKnownFileType = sourcecode.swift; path = AppDelegate.swift; sourceTree = "<group>"; };
		5326F889261CC9CB006FBB8A /* SceneDelegate.swift */ = {isa = PBXFileReference; lastKnownFileType = sourcecode.swift; path = SceneDelegate.swift; sourceTree = "<group>"; };
		5326F88B261CC9CB006FBB8A /* ContentView.swift */ = {isa = PBXFileReference; lastKnownFileType = sourcecode.swift; path = ContentView.swift; sourceTree = "<group>"; };
		5326F88D261CC9CC006FBB8A /* Assets.xcassets */ = {isa = PBXFileReference; lastKnownFileType = folder.assetcatalog; path = Assets.xcassets; sourceTree = "<group>"; };
		5326F890261CC9CC006FBB8A /* Preview Assets.xcassets */ = {isa = PBXFileReference; lastKnownFileType = folder.assetcatalog; path = "Preview Assets.xcassets"; sourceTree = "<group>"; };
		5326F895261CC9CC006FBB8A /* Info.plist */ = {isa = PBXFileReference; lastKnownFileType = text.plist.xml; path = Info.plist; sourceTree = "<group>"; };
		5326F89D261DB926006FBB8A /* Router.swift */ = {isa = PBXFileReference; lastKnownFileType = sourcecode.swift; path = Router.swift; sourceTree = "<group>"; };
		53545AE72620A5AD00C81C21 /* DetailViewModel.swift */ = {isa = PBXFileReference; lastKnownFileType = sourcecode.swift; path = DetailViewModel.swift; sourceTree = "<group>"; };
		5361AF2E261F72ED00A31E0C /* RoutingDestinationProtocol.swift */ = {isa = PBXFileReference; lastKnownFileType = sourcecode.swift; path = RoutingDestinationProtocol.swift; sourceTree = "<group>"; };
		5361AF31261F731500A31E0C /* RoutingViewProviderProtocol.swift */ = {isa = PBXFileReference; lastKnownFileType = sourcecode.swift; path = RoutingViewProviderProtocol.swift; sourceTree = "<group>"; };
		5361AF34261F737000A31E0C /* DetailDestination.swift */ = {isa = PBXFileReference; lastKnownFileType = sourcecode.swift; path = DetailDestination.swift; sourceTree = "<group>"; };
		5361AF38261F73DA00A31E0C /* View+AnyView.swift */ = {isa = PBXFileReference; lastKnownFileType = sourcecode.swift; path = "View+AnyView.swift"; sourceTree = "<group>"; };
		5361AF3C261F73FB00A31E0C /* RouterProtocol.swift */ = {isa = PBXFileReference; lastKnownFileType = sourcecode.swift; path = RouterProtocol.swift; sourceTree = "<group>"; };
		5361AF43261F748600A31E0C /* DetailRouter.swift */ = {isa = PBXFileReference; lastKnownFileType = sourcecode.swift; path = DetailRouter.swift; sourceTree = "<group>"; };
/* End PBXFileReference section */

/* Begin PBXFrameworksBuildPhase section */
		5326F881261CC9CB006FBB8A /* Frameworks */ = {
			isa = PBXFrameworksBuildPhase;
			buildActionMask = 2147483647;
			files = (
			);
			runOnlyForDeploymentPostprocessing = 0;
		};
/* End PBXFrameworksBuildPhase section */

/* Begin PBXGroup section */
		531FA73F261F375B00739BEE /* Views */ = {
			isa = PBXGroup;
			children = (
				5326F88B261CC9CB006FBB8A /* ContentView.swift */,
				531FA743261F377500739BEE /* DetailView.swift */,
			);
			path = Views;
			sourceTree = "<group>";
		};
		531FA741261F376500739BEE /* Router */ = {
			isa = PBXGroup;
			children = (
				5326F89D261DB926006FBB8A /* Router.swift */,
				5361AF3C261F73FB00A31E0C /* RouterProtocol.swift */,
				5361AF2E261F72ED00A31E0C /* RoutingDestinationProtocol.swift */,
				5361AF31261F731500A31E0C /* RoutingViewProviderProtocol.swift */,
				5361AF34261F737000A31E0C /* DetailDestination.swift */,
				5361AF43261F748600A31E0C /* DetailRouter.swift */,
			);
			path = Router;
			sourceTree = "<group>";
		};
		531FA74D261F4A9A00739BEE /* ViewModels */ = {
			isa = PBXGroup;
			children = (
				531FA74E261F4AAD00739BEE /* ContentViewModel.swift */,
				53545AE72620A5AD00C81C21 /* DetailViewModel.swift */,
			);
			path = ViewModels;
			sourceTree = "<group>";
		};
		5326F87B261CC9CB006FBB8A = {
			isa = PBXGroup;
			children = (
				5326F886261CC9CB006FBB8A /* DesignCodeRouter */,
				5326F885261CC9CB006FBB8A /* Products */,
			);
			sourceTree = "<group>";
		};
		5326F885261CC9CB006FBB8A /* Products */ = {
			isa = PBXGroup;
			children = (
				5326F884261CC9CB006FBB8A /* DesignCodeRouter.app */,
			);
			name = Products;
			sourceTree = "<group>";
		};
		5326F886261CC9CB006FBB8A /* DesignCodeRouter */ = {
			isa = PBXGroup;
			children = (
				5326F887261CC9CB006FBB8A /* AppDelegate.swift */,
				5326F889261CC9CB006FBB8A /* SceneDelegate.swift */,
				5361AF37261F73C600A31E0C /* Helpers */,
				531FA741261F376500739BEE /* Router */,
				531FA73F261F375B00739BEE /* Views */,
				531FA74D261F4A9A00739BEE /* ViewModels */,
				5326F88D261CC9CC006FBB8A /* Assets.xcassets */,
				5326F895261CC9CC006FBB8A /* Info.plist */,
				5326F88F261CC9CC006FBB8A /* Preview Content */,
			);
			path = DesignCodeRouter;
			sourceTree = "<group>";
		};
		5326F88F261CC9CC006FBB8A /* Preview Content */ = {
			isa = PBXGroup;
			children = (
				5326F890261CC9CC006FBB8A /* Preview Assets.xcassets */,
			);
			path = "Preview Content";
			sourceTree = "<group>";
		};
		5361AF37261F73C600A31E0C /* Helpers */ = {
			isa = PBXGroup;
			children = (
				5361AF38261F73DA00A31E0C /* View+AnyView.swift */,
			);
			path = Helpers;
			sourceTree = "<group>";
		};
/* End PBXGroup section */

/* Begin PBXNativeTarget section */
		5326F883261CC9CB006FBB8A /* DesignCodeRouter */ = {
			isa = PBXNativeTarget;
			buildConfigurationList = 5326F898261CC9CC006FBB8A /* Build configuration list for PBXNativeTarget "DesignCodeRouter" */;
			buildPhases = (
				5326F880261CC9CB006FBB8A /* Sources */,
				5326F881261CC9CB006FBB8A /* Frameworks */,
				5326F882261CC9CB006FBB8A /* Resources */,
			);
			buildRules = (
			);
			dependencies = (
			);
			name = DesignCodeRouter;
			productName = DesignCodeRouter;
			productReference = 5326F884261CC9CB006FBB8A /* DesignCodeRouter.app */;
			productType = "com.apple.product-type.application";
		};
/* End PBXNativeTarget section */

/* Begin PBXProject section */
		5326F87C261CC9CB006FBB8A /* Project object */ = {
			isa = PBXProject;
			attributes = {
				LastSwiftUpdateCheck = 1240;
				LastUpgradeCheck = 1240;
				TargetAttributes = {
					5326F883261CC9CB006FBB8A = {
						CreatedOnToolsVersion = 12.4;
					};
				};
			};
			buildConfigurationList = 5326F87F261CC9CB006FBB8A /* Build configuration list for PBXProject "DesignCodeRouter" */;
			compatibilityVersion = "Xcode 9.3";
			developmentRegion = en;
			hasScannedForEncodings = 0;
			knownRegions = (
				en,
				Base,
			);
			mainGroup = 5326F87B261CC9CB006FBB8A;
			productRefGroup = 5326F885261CC9CB006FBB8A /* Products */;
			projectDirPath = "";
			projectRoot = "";
			targets = (
				5326F883261CC9CB006FBB8A /* DesignCodeRouter */,
			);
		};
/* End PBXProject section */

/* Begin PBXResourcesBuildPhase section */
		5326F882261CC9CB006FBB8A /* Resources */ = {
			isa = PBXResourcesBuildPhase;
			buildActionMask = 2147483647;
			files = (
				5326F891261CC9CC006FBB8A /* Preview Assets.xcassets in Resources */,
				5326F88E261CC9CC006FBB8A /* Assets.xcassets in Resources */,
			);
			runOnlyForDeploymentPostprocessing = 0;
		};
/* End PBXResourcesBuildPhase section */

/* Begin PBXSourcesBuildPhase section */
		5326F880261CC9CB006FBB8A /* Sources */ = {
			isa = PBXSourcesBuildPhase;
			buildActionMask = 2147483647;
			files = (
				5326F888261CC9CB006FBB8A /* AppDelegate.swift in Sources */,
				531FA74F261F4AAD00739BEE /* ContentViewModel.swift in Sources */,
				5361AF44261F748600A31E0C /* DetailRouter.swift in Sources */,
				5361AF39261F73DA00A31E0C /* View+AnyView.swift in Sources */,
				531FA744261F377500739BEE /* DetailView.swift in Sources */,
				5361AF2F261F72ED00A31E0C /* RoutingDestinationProtocol.swift in Sources */,
				5361AF32261F731500A31E0C /* RoutingViewProviderProtocol.swift in Sources */,
				5361AF35261F737000A31E0C /* DetailDestination.swift in Sources */,
				53545AE82620A5AD00C81C21 /* DetailViewModel.swift in Sources */,
				5326F88A261CC9CB006FBB8A /* SceneDelegate.swift in Sources */,
				5326F88C261CC9CB006FBB8A /* ContentView.swift in Sources */,
				5326F89E261DB926006FBB8A /* Router.swift in Sources */,
				5361AF3D261F73FB00A31E0C /* RouterProtocol.swift in Sources */,
			);
			runOnlyForDeploymentPostprocessing = 0;
		};
/* End PBXSourcesBuildPhase section */

/* Begin XCBuildConfiguration section */
		5326F896261CC9CC006FBB8A /* Debug */ = {
			isa = XCBuildConfiguration;
			buildSettings = {
				ALWAYS_SEARCH_USER_PATHS = NO;
				CLANG_ANALYZER_NONNULL = YES;
				CLANG_ANALYZER_NUMBER_OBJECT_CONVERSION = YES_AGGRESSIVE;
				CLANG_CXX_LANGUAGE_STANDARD = "gnu++14";
				CLANG_CXX_LIBRARY = "libc++";
				CLANG_ENABLE_MODULES = YES;
				CLANG_ENABLE_OBJC_ARC = YES;
				CLANG_ENABLE_OBJC_WEAK = YES;
				CLANG_WARN_BLOCK_CAPTURE_AUTORELEASING = YES;
				CLANG_WARN_BOOL_CONVERSION = YES;
				CLANG_WARN_COMMA = YES;
				CLANG_WARN_CONSTANT_CONVERSION = YES;
				CLANG_WARN_DEPRECATED_OBJC_IMPLEMENTATIONS = YES;
				CLANG_WARN_DIRECT_OBJC_ISA_USAGE = YES_ERROR;
				CLANG_WARN_DOCUMENTATION_COMMENTS = YES;
				CLANG_WARN_EMPTY_BODY = YES;
				CLANG_WARN_ENUM_CONVERSION = YES;
				CLANG_WARN_INFINITE_RECURSION = YES;
				CLANG_WARN_INT_CONVERSION = YES;
				CLANG_WARN_NON_LITERAL_NULL_CONVERSION = YES;
				CLANG_WARN_OBJC_IMPLICIT_RETAIN_SELF = YES;
				CLANG_WARN_OBJC_LITERAL_CONVERSION = YES;
				CLANG_WARN_OBJC_ROOT_CLASS = YES_ERROR;
				CLANG_WARN_QUOTED_INCLUDE_IN_FRAMEWORK_HEADER = YES;
				CLANG_WARN_RANGE_LOOP_ANALYSIS = YES;
				CLANG_WARN_STRICT_PROTOTYPES = YES;
				CLANG_WARN_SUSPICIOUS_MOVE = YES;
				CLANG_WARN_UNGUARDED_AVAILABILITY = YES_AGGRESSIVE;
				CLANG_WARN_UNREACHABLE_CODE = YES;
				CLANG_WARN__DUPLICATE_METHOD_MATCH = YES;
				COPY_PHASE_STRIP = NO;
				DEBUG_INFORMATION_FORMAT = dwarf;
				ENABLE_STRICT_OBJC_MSGSEND = YES;
				ENABLE_TESTABILITY = YES;
				GCC_C_LANGUAGE_STANDARD = gnu11;
				GCC_DYNAMIC_NO_PIC = NO;
				GCC_NO_COMMON_BLOCKS = YES;
				GCC_OPTIMIZATION_LEVEL = 0;
				GCC_PREPROCESSOR_DEFINITIONS = (
					"DEBUG=1",
					"$(inherited)",
				);
				GCC_WARN_64_TO_32_BIT_CONVERSION = YES;
				GCC_WARN_ABOUT_RETURN_TYPE = YES_ERROR;
				GCC_WARN_UNDECLARED_SELECTOR = YES;
				GCC_WARN_UNINITIALIZED_AUTOS = YES_AGGRESSIVE;
				GCC_WARN_UNUSED_FUNCTION = YES;
				GCC_WARN_UNUSED_VARIABLE = YES;
				IPHONEOS_DEPLOYMENT_TARGET = 13.0;
				MTL_ENABLE_DEBUG_INFO = INCLUDE_SOURCE;
				MTL_FAST_MATH = YES;
				ONLY_ACTIVE_ARCH = YES;
				SDKROOT = iphoneos;
				SWIFT_ACTIVE_COMPILATION_CONDITIONS = DEBUG;
				SWIFT_OPTIMIZATION_LEVEL = "-Onone";
			};
			name = Debug;
		};
		5326F897261CC9CC006FBB8A /* Release */ = {
			isa = XCBuildConfiguration;
			buildSettings = {
				ALWAYS_SEARCH_USER_PATHS = NO;
				CLANG_ANALYZER_NONNULL = YES;
				CLANG_ANALYZER_NUMBER_OBJECT_CONVERSION = YES_AGGRESSIVE;
				CLANG_CXX_LANGUAGE_STANDARD = "gnu++14";
				CLANG_CXX_LIBRARY = "libc++";
				CLANG_ENABLE_MODULES = YES;
				CLANG_ENABLE_OBJC_ARC = YES;
				CLANG_ENABLE_OBJC_WEAK = YES;
				CLANG_WARN_BLOCK_CAPTURE_AUTORELEASING = YES;
				CLANG_WARN_BOOL_CONVERSION = YES;
				CLANG_WARN_COMMA = YES;
				CLANG_WARN_CONSTANT_CONVERSION = YES;
				CLANG_WARN_DEPRECATED_OBJC_IMPLEMENTATIONS = YES;
				CLANG_WARN_DIRECT_OBJC_ISA_USAGE = YES_ERROR;
				CLANG_WARN_DOCUMENTATION_COMMENTS = YES;
				CLANG_WARN_EMPTY_BODY = YES;
				CLANG_WARN_ENUM_CONVERSION = YES;
				CLANG_WARN_INFINITE_RECURSION = YES;
				CLANG_WARN_INT_CONVERSION = YES;
				CLANG_WARN_NON_LITERAL_NULL_CONVERSION = YES;
				CLANG_WARN_OBJC_IMPLICIT_RETAIN_SELF = YES;
				CLANG_WARN_OBJC_LITERAL_CONVERSION = YES;
				CLANG_WARN_OBJC_ROOT_CLASS = YES_ERROR;
				CLANG_WARN_QUOTED_INCLUDE_IN_FRAMEWORK_HEADER = YES;
				CLANG_WARN_RANGE_LOOP_ANALYSIS = YES;
				CLANG_WARN_STRICT_PROTOTYPES = YES;
				CLANG_WARN_SUSPICIOUS_MOVE = YES;
				CLANG_WARN_UNGUARDED_AVAILABILITY = YES_AGGRESSIVE;
				CLANG_WARN_UNREACHABLE_CODE = YES;
				CLANG_WARN__DUPLICATE_METHOD_MATCH = YES;
				COPY_PHASE_STRIP = NO;
				DEBUG_INFORMATION_FORMAT = "dwarf-with-dsym";
				ENABLE_NS_ASSERTIONS = NO;
				ENABLE_STRICT_OBJC_MSGSEND = YES;
				GCC_C_LANGUAGE_STANDARD = gnu11;
				GCC_NO_COMMON_BLOCKS = YES;
				GCC_WARN_64_TO_32_BIT_CONVERSION = YES;
				GCC_WARN_ABOUT_RETURN_TYPE = YES_ERROR;
				GCC_WARN_UNDECLARED_SELECTOR = YES;
				GCC_WARN_UNINITIALIZED_AUTOS = YES_AGGRESSIVE;
				GCC_WARN_UNUSED_FUNCTION = YES;
				GCC_WARN_UNUSED_VARIABLE = YES;
				IPHONEOS_DEPLOYMENT_TARGET = 13.0;
				MTL_ENABLE_DEBUG_INFO = NO;
				MTL_FAST_MATH = YES;
				SDKROOT = iphoneos;
				SWIFT_COMPILATION_MODE = wholemodule;
				SWIFT_OPTIMIZATION_LEVEL = "-O";
				VALIDATE_PRODUCT = YES;
			};
			name = Release;
		};
		5326F899261CC9CC006FBB8A /* Debug */ = {
			isa = XCBuildConfiguration;
			buildSettings = {
				ASSETCATALOG_COMPILER_APPICON_NAME = AppIcon;
				ASSETCATALOG_COMPILER_GLOBAL_ACCENT_COLOR_NAME = AccentColor;
				CODE_SIGN_STYLE = Automatic;
				DEVELOPMENT_ASSET_PATHS = "\"DesignCodeRouter/Preview Content\"";
				DEVELOPMENT_TEAM = 4K4XM2ND7L;
				ENABLE_PREVIEWS = YES;
				INFOPLIST_FILE = DesignCodeRouter/Info.plist;
				LD_RUNPATH_SEARCH_PATHS = (
					"$(inherited)",
					"@executable_path/Frameworks",
				);
				PRODUCT_BUNDLE_IDENTIFIER = mentalstack.DesignCodeRouter;
				PRODUCT_NAME = "$(TARGET_NAME)";
				SWIFT_VERSION = 5.0;
				TARGETED_DEVICE_FAMILY = "1,2";
			};
			name = Debug;
		};
		5326F89A261CC9CC006FBB8A /* Release */ = {
			isa = XCBuildConfiguration;
			buildSettings = {
				ASSETCATALOG_COMPILER_APPICON_NAME = AppIcon;
				ASSETCATALOG_COMPILER_GLOBAL_ACCENT_COLOR_NAME = AccentColor;
				CODE_SIGN_STYLE = Automatic;
				DEVELOPMENT_ASSET_PATHS = "\"DesignCodeRouter/Preview Content\"";
				DEVELOPMENT_TEAM = 4K4XM2ND7L;
				ENABLE_PREVIEWS = YES;
				INFOPLIST_FILE = DesignCodeRouter/Info.plist;
				LD_RUNPATH_SEARCH_PATHS = (
					"$(inherited)",
					"@executable_path/Frameworks",
				);
				PRODUCT_BUNDLE_IDENTIFIER = mentalstack.DesignCodeRouter;
				PRODUCT_NAME = "$(TARGET_NAME)";
				SWIFT_VERSION = 5.0;
				TARGETED_DEVICE_FAMILY = "1,2";
			};
			name = Release;
		};
/* End XCBuildConfiguration section */

/* Begin XCConfigurationList section */
		5326F87F261CC9CB006FBB8A /* Build configuration list for PBXProject "DesignCodeRouter" */ = {
			isa = XCConfigurationList;
			buildConfigurations = (
				5326F896261CC9CC006FBB8A /* Debug */,
				5326F897261CC9CC006FBB8A /* Release */,
			);
			defaultConfigurationIsVisible = 0;
			defaultConfigurationName = Release;
		};
		5326F898261CC9CC006FBB8A /* Build configuration list for PBXNativeTarget "DesignCodeRouter" */ = {
			isa = XCConfigurationList;
			buildConfigurations = (
				5326F899261CC9CC006FBB8A /* Debug */,
				5326F89A261CC9CC006FBB8A /* Release */,
			);
			defaultConfigurationIsVisible = 0;
			defaultConfigurationName = Release;
		};
/* End XCConfigurationList section */
	};
	rootObject = 5326F87C261CC9CB006FBB8A /* Project object */;
}
